{
  "version": 4,
  "terraform_version": "1.3.1",
  "serial": 6,
  "lineage": "37e79e83-a051-957d-1ff2-7fcd84f42803",
  "outputs": {},
  "resources": [
    {
      "mode": "managed",
      "type": "docker_image",
      "name": "nginx",
      "provider": "provider[\"registry.terraform.io/kreuzwerker/docker\"]",
      "instances": [
        {
          "schema_version": 0,
          "attributes": {
            "build": [],
            "force_remove": null,
            "id": "sha256:4314a630a97370ba5362d347627979c9c6354495f49a742bb5ce1697579ab9d8ghcr.io/thibaultluytspxl/publish-packages/game:sha-c74a317",
            "image_id": "sha256:4314a630a97370ba5362d347627979c9c6354495f49a742bb5ce1697579ab9d8",
            "keep_locally": false,
            "latest": "sha256:4314a630a97370ba5362d347627979c9c6354495f49a742bb5ce1697579ab9d8",
            "name": "ghcr.io/thibaultluytspxl/publish-packages/game:sha-c74a317",
            "output": null,
            "pull_trigger": null,
            "pull_triggers": null,
            "repo_digest": "ghcr.io/thibaultluytspxl/publish-packages/game@sha256:ee1ad1a479f8ee5be5018db5c359c3cd36d715cb71fac473c06d942dadd81a49",
            "triggers": null
          },
          "sensitive_attributes": [],
          "private": "bnVsbA=="
        }
      ]
    }
  ],
  "check_results": []
}
